dependencies:
- name: common
  repository: file://../common
  version: 1.0.0
- name: common
  repository: file://../common
  version: 1.0.0
- name: common
  repository: file://../common
  version: 1.0.0
- name: common
  repository: file://../common
  version: 1.0.0
- name: common
  repository: file://../common
  version: 1.0.0
digest: sha256:57c0bcf1d4ec064abb0b2154814702095fbd8a582176d28a2979e9da40e95ec3
generated: "2024-03-07T14:45:06.471884-05:00"
