dependencies:
- name: coolstore-microservice-common
  repository: file://../common
  version: 1.0.0
- name: coolstore-microservice-common
  repository: file://../common
  version: 1.0.0
- name: coolstore-microservice-common
  repository: file://../common
  version: 1.0.0
- name: coolstore-microservice-common
  repository: file://../common
  version: 1.0.0
- name: coolstore-microservice-common
  repository: file://../common
  version: 1.0.0
digest: sha256:79fc6d135d12ef41056b487c288aba992261095646a59b638db54735eec084de
generated: "2024-03-07T15:14:54.998602-05:00"
