dependencies:
- name: coolstore-microservice-common
  repository: file://../common
  version: 1.0.0
- name: coolstore-microservice-common
  repository: file://../common
  version: 1.0.0
- name: coolstore-microservice-common
  repository: file://../common
  version: 1.0.0
- name: coolstore-microservice-common
  repository: file://../common
  version: 1.0.0
- name: coolstore-microservice-common
  repository: file://../common
  version: 1.0.0
digest: sha256:f2765b398f1d1669c33fe1e8ec7628d821d35b2dc829bcc4ff286735b340334b
generated: "2024-03-08T07:19:06.310532-05:00"
